
Microsoft Visual Studio Solution File, Format Version 12.00
# Visual Studio Version 16
VisualStudioVersion = 16.0.29905.134
MinimumVisualStudioVersion = 10.0.40219.1
Project("{9A19103F-16F7-4668-BE54-9A1E7A4F7556}") = "OpenSourceSoftwareDevelopment.Museum.Api", "Museum\OpenSourceSoftwareDevelopment.Museum.Api.csproj", "{5C0EEA8A-7320-48B0-A385-0F28005B50B8}"
EndProject
Project("{9A19103F-16F7-4668-BE54-9A1E7A4F7556}") = "OpenSourceSoftwareDevelopment.Museum.Data", "OpenSourceSoftwareDevelopment.Museum.Data\OpenSourceSoftwareDevelopment.Museum.Data.csproj", "{5A2C64DB-EEF6-4773-AC29-87ACCF6259BF}"
EndProject
Project("{9A19103F-16F7-4668-BE54-9A1E7A4F7556}") = "OpenSourceSoftwareDevelopment.Museum.Domain", "OpenSourceSoftwareDevelopment.Museum.Domain\OpenSourceSoftwareDevelopment.Museum.Domain.csproj", "{5377E3D3-EE08-4705-BE1A-B419BDE16CD5}"
EndProject
Project("{9A19103F-16F7-4668-BE54-9A1E7A4F7556}") = "OpenSourceSoftwareDevelopment.Museum.Repositories", "OpenSourceSoftwareDevelopment.Museum.Repositories\OpenSourceSoftwareDevelopment.Museum.Repositories.csproj", "{36524B83-A9CF-49C3-AFF0-534B5192F7D4}"
EndProject
Project("{9A19103F-16F7-4668-BE54-9A1E7A4F7556}") = "OpenSourceSoftwareDevelopment.Museum.Tests", "OpenSourceSoftwareDevelopment.Museum.Tests\OpenSourceSoftwareDevelopment.Museum.Tests.csproj", "{A448526E-91B5-41B6-922D-ED871DDB29CB}"
EndProject
Global
	GlobalSection(SolutionConfigurationPlatforms) = preSolution
		Debug|Any CPU = Debug|Any CPU
		Release|Any CPU = Release|Any CPU
	EndGlobalSection
	GlobalSection(ProjectConfigurationPlatforms) = postSolution
		{5C0EEA8A-7320-48B0-A385-0F28005B50B8}.Debug|Any CPU.ActiveCfg = Debug|Any CPU
		{5C0EEA8A-7320-48B0-A385-0F28005B50B8}.Debug|Any CPU.Build.0 = Debug|Any CPU
		{5C0EEA8A-7320-48B0-A385-0F28005B50B8}.Release|Any CPU.ActiveCfg = Release|Any CPU
		{5C0EEA8A-7320-48B0-A385-0F28005B50B8}.Release|Any CPU.Build.0 = Release|Any CPU
		{5A2C64DB-EEF6-4773-AC29-87ACCF6259BF}.Debug|Any CPU.ActiveCfg = Debug|Any CPU
		{5A2C64DB-EEF6-4773-AC29-87ACCF6259BF}.Debug|Any CPU.Build.0 = Debug|Any CPU
		{5A2C64DB-EEF6-4773-AC29-87ACCF6259BF}.Release|Any CPU.ActiveCfg = Release|Any CPU
		{5A2C64DB-EEF6-4773-AC29-87ACCF6259BF}.Release|Any CPU.Build.0 = Release|Any CPU
		{5377E3D3-EE08-4705-BE1A-B419BDE16CD5}.Debug|Any CPU.ActiveCfg = Debug|Any CPU
		{5377E3D3-EE08-4705-BE1A-B419BDE16CD5}.Debug|Any CPU.Build.0 = Debug|Any CPU
		{5377E3D3-EE08-4705-BE1A-B419BDE16CD5}.Release|Any CPU.ActiveCfg = Release|Any CPU
		{5377E3D3-EE08-4705-BE1A-B419BDE16CD5}.Release|Any CPU.Build.0 = Release|Any CPU
		{36524B83-A9CF-49C3-AFF0-534B5192F7D4}.Debug|Any CPU.ActiveCfg = Debug|Any CPU
		{36524B83-A9CF-49C3-AFF0-534B5192F7D4}.Debug|Any CPU.Build.0 = Debug|Any CPU
		{36524B83-A9CF-49C3-AFF0-534B5192F7D4}.Release|Any CPU.ActiveCfg = Release|Any CPU
		{36524B83-A9CF-49C3-AFF0-534B5192F7D4}.Release|Any CPU.Build.0 = Release|Any CPU
		{A448526E-91B5-41B6-922D-ED871DDB29CB}.Debug|Any CPU.ActiveCfg = Debug|Any CPU
		{A448526E-91B5-41B6-922D-ED871DDB29CB}.Debug|Any CPU.Build.0 = Debug|Any CPU
		{A448526E-91B5-41B6-922D-ED871DDB29CB}.Release|Any CPU.ActiveCfg = Release|Any CPU
		{A448526E-91B5-41B6-922D-ED871DDB29CB}.Release|Any CPU.Build.0 = Release|Any CPU
	EndGlobalSection
	GlobalSection(SolutionProperties) = preSolution
		HideSolutionNode = FALSE
	EndGlobalSection
	GlobalSection(ExtensibilityGlobals) = postSolution
		SolutionGuid = {2AF1B47E-3958-4A47-864D-A13A8FCEAF6A}
	EndGlobalSection
EndGlobal
